
Microsoft Visual Studio Solution File, Format Version 12.00
# Visual Studio Version 16
VisualStudioVersion = 16.0.31321.278
MinimumVisualStudioVersion = 10.0.40219.1
Project("{FAE04EC0-301F-11D3-BF4B-00C04F79EFBC}") = "ContainerTree", "ContainerTree\ContainerTree.csproj", "{35208C61-9B43-4BF2-AA28-1E45D1BBFAFE}"
EndProject
Global
	GlobalSection(SolutionConfigurationPlatforms) = preSolution
		Debug|Any CPU = Debug|Any CPU
		Release|Any CPU = Release|Any CPU
	EndGlobalSection
	GlobalSection(ProjectConfigurationPlatforms) = postSolution
		{35208C61-9B43-4BF2-AA28-1E45D1BBFAFE}.Debug|Any CPU.ActiveCfg = Debug|Any CPU
		{35208C61-9B43-4BF2-AA28-1E45D1BBFAFE}.Debug|Any CPU.Build.0 = Debug|Any CPU
		{35208C61-9B43-4BF2-AA28-1E45D1BBFAFE}.Release|Any CPU.ActiveCfg = Release|Any CPU
		{35208C61-9B43-4BF2-AA28-1E45D1BBFAFE}.Release|Any CPU.Build.0 = Release|Any CPU
	EndGlobalSection
	GlobalSection(SolutionProperties) = preSolution
		HideSolutionNode = FALSE
	EndGlobalSection
	GlobalSection(ExtensibilityGlobals) = postSolution
		SolutionGuid = {381286E1-5B91-4D2F-871F-0537C215CECE}
	EndGlobalSection
EndGlobal
